
Microsoft Visual Studio Solution File, Format Version 12.00
# Visual Studio 15
VisualStudioVersion = 15.0.27703.2000
MinimumVisualStudioVersion = 10.0.40219.1
Project("{FAE04EC0-301F-11D3-BF4B-00C04F79EFBC}") = "ValaisBooking", "ValaisBooking\ValaisBooking.csproj", "{EDAF5055-C894-49F7-B72A-7DD8F81462B6}"
EndProject
Project("{FAE04EC0-301F-11D3-BF4B-00C04F79EFBC}") = "MVC", "MVC\MVC.csproj", "{FA27BFC9-BB59-41D9-88AF-F522BD57DF8A}"
EndProject
Global
	GlobalSection(SolutionConfigurationPlatforms) = preSolution
		Debug|Any CPU = Debug|Any CPU
		Release|Any CPU = Release|Any CPU
	EndGlobalSection
	GlobalSection(ProjectConfigurationPlatforms) = postSolution
		{EDAF5055-C894-49F7-B72A-7DD8F81462B6}.Debug|Any CPU.ActiveCfg = Debug|Any CPU
		{EDAF5055-C894-49F7-B72A-7DD8F81462B6}.Debug|Any CPU.Build.0 = Debug|Any CPU
		{EDAF5055-C894-49F7-B72A-7DD8F81462B6}.Release|Any CPU.ActiveCfg = Release|Any CPU
		{EDAF5055-C894-49F7-B72A-7DD8F81462B6}.Release|Any CPU.Build.0 = Release|Any CPU
		{FA27BFC9-BB59-41D9-88AF-F522BD57DF8A}.Debug|Any CPU.ActiveCfg = Debug|Any CPU
		{FA27BFC9-BB59-41D9-88AF-F522BD57DF8A}.Debug|Any CPU.Build.0 = Debug|Any CPU
		{FA27BFC9-BB59-41D9-88AF-F522BD57DF8A}.Release|Any CPU.ActiveCfg = Release|Any CPU
		{FA27BFC9-BB59-41D9-88AF-F522BD57DF8A}.Release|Any CPU.Build.0 = Release|Any CPU
	EndGlobalSection
	GlobalSection(SolutionProperties) = preSolution
		HideSolutionNode = FALSE
	EndGlobalSection
	GlobalSection(ExtensibilityGlobals) = postSolution
		SolutionGuid = {3EC25732-5547-4352-B91A-BD039867D414}
	EndGlobalSection
EndGlobal
